github.com/goburrow/modbus v0.1.0 h1:DejRZY73nEM6+bt5JSP6IsFolJ9dVcqxsYbpLbeW/ro=
github.com/goburrow/modbus v0.1.0/go.mod h1:Kx552D5rLIS8E7TyUwQ/UdHEqvX5T8tyiGBTlzMcZBg=
github.com/goburrow/serial v0.1.0 h1:v2T1SQa/dlUqQiYIT8+Cu7YolfqAi3K96UmhwYyuSrA=
github.com/goburrow/serial v0.1.0/go.mod h1:sAiqG0nRVswsm1C97xsttiYCzSLBmUZ/VSlVLZJ8haA=
github.com/sayhitoc/modbus v0.1.0 h1:gFn5dPO3OspJU9RqQMFHW4gD8+0N/adr5JLx9Dw6F+o=
github.com/sayhitoc/modbus v0.1.0/go.mod h1:5YTCZKhk1MwksN0fNpVDhUwcKXxMajs/+KDd8sKJH4M=
